
Microsoft Visual Studio Solution File, Format Version 12.00
# Visual Studio Version 17
VisualStudioVersion = 17.8.34525.116
MinimumVisualStudioVersion = 10.0.40219.1
Project("{9A19103F-16F7-4668-BE54-9A1E7A4F7556}") = "GameClientTest", "GameClientTest\GameClientTest.csproj", "{61F3399A-8BF1-4DA8-92FA-994C19CCCC17}"
EndProject
Project("{9A19103F-16F7-4668-BE54-9A1E7A4F7556}") = "VisualApp", "VisualApp\VisualApp.csproj", "{F5A4C447-63A5-48B5-859D-1A3B5B5C2708}"
EndProject
Project("{2150E333-8FDC-42A3-9474-1A3956D46DE8}") = "Libs", "Libs", "{68FA37E5-AB5E-452A-9A91-8C3B72858DE3}"
EndProject
Project("{9A19103F-16F7-4668-BE54-9A1E7A4F7556}") = "SnakeCore", "..\SnakeServer\SnakeCore\SnakeCore.csproj", "{09BCBF7C-259F-472F-BFCE-9469EEFBE4DE}"
EndProject
Project("{9A19103F-16F7-4668-BE54-9A1E7A4F7556}") = "MessageSchemes", "..\SnakeServer\MessageSchemes\MessageSchemes.csproj", "{A8CB6691-3CCA-421E-8B4A-4DAA85263628}"
EndProject
Global
	GlobalSection(SolutionConfigurationPlatforms) = preSolution
		Debug|Any CPU = Debug|Any CPU
		Release|Any CPU = Release|Any CPU
	EndGlobalSection
	GlobalSection(ProjectConfigurationPlatforms) = postSolution
		{61F3399A-8BF1-4DA8-92FA-994C19CCCC17}.Debug|Any CPU.ActiveCfg = Debug|Any CPU
		{61F3399A-8BF1-4DA8-92FA-994C19CCCC17}.Debug|Any CPU.Build.0 = Debug|Any CPU
		{61F3399A-8BF1-4DA8-92FA-994C19CCCC17}.Release|Any CPU.ActiveCfg = Release|Any CPU
		{61F3399A-8BF1-4DA8-92FA-994C19CCCC17}.Release|Any CPU.Build.0 = Release|Any CPU
		{F5A4C447-63A5-48B5-859D-1A3B5B5C2708}.Debug|Any CPU.ActiveCfg = Debug|Any CPU
		{F5A4C447-63A5-48B5-859D-1A3B5B5C2708}.Debug|Any CPU.Build.0 = Debug|Any CPU
		{F5A4C447-63A5-48B5-859D-1A3B5B5C2708}.Release|Any CPU.ActiveCfg = Release|Any CPU
		{F5A4C447-63A5-48B5-859D-1A3B5B5C2708}.Release|Any CPU.Build.0 = Release|Any CPU
		{09BCBF7C-259F-472F-BFCE-9469EEFBE4DE}.Debug|Any CPU.ActiveCfg = Debug|Any CPU
		{09BCBF7C-259F-472F-BFCE-9469EEFBE4DE}.Debug|Any CPU.Build.0 = Debug|Any CPU
		{09BCBF7C-259F-472F-BFCE-9469EEFBE4DE}.Release|Any CPU.ActiveCfg = Release|Any CPU
		{09BCBF7C-259F-472F-BFCE-9469EEFBE4DE}.Release|Any CPU.Build.0 = Release|Any CPU
		{A8CB6691-3CCA-421E-8B4A-4DAA85263628}.Debug|Any CPU.ActiveCfg = Debug|Any CPU
		{A8CB6691-3CCA-421E-8B4A-4DAA85263628}.Debug|Any CPU.Build.0 = Debug|Any CPU
		{A8CB6691-3CCA-421E-8B4A-4DAA85263628}.Release|Any CPU.ActiveCfg = Release|Any CPU
		{A8CB6691-3CCA-421E-8B4A-4DAA85263628}.Release|Any CPU.Build.0 = Release|Any CPU
	EndGlobalSection
	GlobalSection(SolutionProperties) = preSolution
		HideSolutionNode = FALSE
	EndGlobalSection
	GlobalSection(NestedProjects) = preSolution
		{09BCBF7C-259F-472F-BFCE-9469EEFBE4DE} = {68FA37E5-AB5E-452A-9A91-8C3B72858DE3}
		{A8CB6691-3CCA-421E-8B4A-4DAA85263628} = {68FA37E5-AB5E-452A-9A91-8C3B72858DE3}
	EndGlobalSection
	GlobalSection(ExtensibilityGlobals) = postSolution
		SolutionGuid = {4B865C9B-1CA3-4874-893F-B1B524D9DDC0}
	EndGlobalSection
EndGlobal
